
Microsoft Visual Studio Solution File, Format Version 12.00
# Visual Studio Version 17
VisualStudioVersion = 17.2.32630.192
MinimumVisualStudioVersion = 10.0.40219.1
Project("{FAE04EC0-301F-11D3-BF4B-00C04F79EFBC}") = "WPFUserInputForm", "WPFUserInputForm\WPFUserInputForm.csproj", "{6512F0AE-5F52-4841-83DA-2F78AF3E6702}"
EndProject
Global
	GlobalSection(SolutionConfigurationPlatforms) = preSolution
		Debug|Any CPU = Debug|Any CPU
		Release|Any CPU = Release|Any CPU
	EndGlobalSection
	GlobalSection(ProjectConfigurationPlatforms) = postSolution
		{6512F0AE-5F52-4841-83DA-2F78AF3E6702}.Debug|Any CPU.ActiveCfg = Debug|Any CPU
		{6512F0AE-5F52-4841-83DA-2F78AF3E6702}.Debug|Any CPU.Build.0 = Debug|Any CPU
		{6512F0AE-5F52-4841-83DA-2F78AF3E6702}.Release|Any CPU.ActiveCfg = Release|Any CPU
		{6512F0AE-5F52-4841-83DA-2F78AF3E6702}.Release|Any CPU.Build.0 = Release|Any CPU
	EndGlobalSection
	GlobalSection(SolutionProperties) = preSolution
		HideSolutionNode = FALSE
	EndGlobalSection
	GlobalSection(ExtensibilityGlobals) = postSolution
		SolutionGuid = {34D67E6C-E3FD-4AF4-8713-D793F081BC1C}
	EndGlobalSection
EndGlobal
