
Microsoft Visual Studio Solution File, Format Version 12.00
# Visual Studio Version 17
VisualStudioVersion = 17.2.32630.192
MinimumVisualStudioVersion = 10.0.40219.1
Project("{FAE04EC0-301F-11D3-BF4B-00C04F79EFBC}") = "HelloUserForm", "HelloUserForm\HelloUserForm.csproj", "{B52C7AC5-595F-412D-8746-1C0C25788D9D}"
EndProject
Global
	GlobalSection(SolutionConfigurationPlatforms) = preSolution
		Debug|Any CPU = Debug|Any CPU
		Release|Any CPU = Release|Any CPU
	EndGlobalSection
	GlobalSection(ProjectConfigurationPlatforms) = postSolution
		{B52C7AC5-595F-412D-8746-1C0C25788D9D}.Debug|Any CPU.ActiveCfg = Debug|Any CPU
		{B52C7AC5-595F-412D-8746-1C0C25788D9D}.Debug|Any CPU.Build.0 = Debug|Any CPU
		{B52C7AC5-595F-412D-8746-1C0C25788D9D}.Release|Any CPU.ActiveCfg = Release|Any CPU
		{B52C7AC5-595F-412D-8746-1C0C25788D9D}.Release|Any CPU.Build.0 = Release|Any CPU
	EndGlobalSection
	GlobalSection(SolutionProperties) = preSolution
		HideSolutionNode = FALSE
	EndGlobalSection
	GlobalSection(ExtensibilityGlobals) = postSolution
		SolutionGuid = {514F81DD-C5C7-471D-8BD2-5B1BCA3F4F99}
	EndGlobalSection
EndGlobal
